
Microsoft Visual Studio Solution File, Format Version 12.00
# Visual Studio Version 17
VisualStudioVersion = 17.14.36930.0
MinimumVisualStudioVersion = 10.0.40219.1
Project("{FAE04EC0-301F-11D3-BF4B-00C04F79EFBC}") = "ManagerStudent", "API\ManagerStudent.csproj", "{0357B672-E029-4E4D-B42E-81E3D0B2D1EB}"
EndProject
Global
	GlobalSection(SolutionConfigurationPlatforms) = preSolution
		Debug|Any CPU = Debug|Any CPU
		Release|Any CPU = Release|Any CPU
	EndGlobalSection
	GlobalSection(ProjectConfigurationPlatforms) = postSolution
		{0357B672-E029-4E4D-B42E-81E3D0B2D1EB}.Debug|Any CPU.ActiveCfg = Debug|Any CPU
		{0357B672-E029-4E4D-B42E-81E3D0B2D1EB}.Debug|Any CPU.Build.0 = Debug|Any CPU
		{0357B672-E029-4E4D-B42E-81E3D0B2D1EB}.Release|Any CPU.ActiveCfg = Release|Any CPU
		{0357B672-E029-4E4D-B42E-81E3D0B2D1EB}.Release|Any CPU.Build.0 = Release|Any CPU
	EndGlobalSection
	GlobalSection(SolutionProperties) = preSolution
		HideSolutionNode = FALSE
	EndGlobalSection
	GlobalSection(ExtensibilityGlobals) = postSolution
		SolutionGuid = {A8EB47BD-4F18-409E-ACBA-A4631272B936}
	EndGlobalSection
EndGlobal
